# This file is automatically @generated by Cargo.
# It is not intended for manual editing.
version = 4

[[package]]
name = "spider-cli"
version = "0.1.0"
dependencies = [
 "spider-fmt",
 "spider-hir",
 "spider-syntax",
]

[[package]]
name = "spider-fmt"
version = "0.1.0"
dependencies = [
 "spider-syntax",
]

[[package]]
name = "spider-hir"
version = "0.1.0"
dependencies = [
 "spider-syntax",
]

[[package]]
name = "spider-syntax"
version = "0.1.0"
